version = 1
revision = 2
requires-python = ">=3.9"

[[package]]
name = "nat-sjetstream"
version = "0.1.0"
source = { virtual = "." }
dependencies = [
    { name = "nats-py" },
]

[package.metadata]
requires-dist = [{ name = "nats-py", specifier = ">=2.10.0" }]

[[package]]
name = "nats-py"
version = "2.10.0"
source = { registry = "https://pypi.org/simple" }
sdist = { url = "https://files.pythonhosted.org/packages/83/2f/0f1b94844760a894659388059bc618b59fd794a3ef2f5113d710864d3fa7/nats_py-2.10.0.tar.gz", hash = "sha256:9d44265a097edb30d40e214c1dd1a7405c1451d33480ce714c041fb73bb66a10", size = 113637, upload-time = "2025-03-25T05:11:22.102Z" }
